
Microsoft Visual Studio Solution File, Format Version 12.00
# Visual Studio Version 16
VisualStudioVersion = 16.0.32510.428
MinimumVisualStudioVersion = 10.0.40219.1
Project("{FAE04EC0-301F-11D3-BF4B-00C04F79EFBC}") = "WindowsFormsApp4", "WindowsFormsApp4\WindowsFormsApp4.csproj", "{D6C4C10B-E1E5-45C3-8578-FFDB467D95E4}"
EndProject
Global
	GlobalSection(SolutionConfigurationPlatforms) = preSolution
		Debug|Any CPU = Debug|Any CPU
		Release|Any CPU = Release|Any CPU
	EndGlobalSection
	GlobalSection(ProjectConfigurationPlatforms) = postSolution
		{D6C4C10B-E1E5-45C3-8578-FFDB467D95E4}.Debug|Any CPU.ActiveCfg = Debug|Any CPU
		{D6C4C10B-E1E5-45C3-8578-FFDB467D95E4}.Debug|Any CPU.Build.0 = Debug|Any CPU
		{D6C4C10B-E1E5-45C3-8578-FFDB467D95E4}.Release|Any CPU.ActiveCfg = Release|Any CPU
		{D6C4C10B-E1E5-45C3-8578-FFDB467D95E4}.Release|Any CPU.Build.0 = Release|Any CPU
	EndGlobalSection
	GlobalSection(SolutionProperties) = preSolution
		HideSolutionNode = FALSE
	EndGlobalSection
	GlobalSection(ExtensibilityGlobals) = postSolution
		SolutionGuid = {8C471243-FD0B-4361-81B1-84826024B5BD}
	EndGlobalSection
EndGlobal
